
Microsoft Visual Studio Solution File, Format Version 12.00
# Visual Studio 15
VisualStudioVersion = 15.0.27004.2005
MinimumVisualStudioVersion = 10.0.40219.1
Project("{FAE04EC0-301F-11D3-BF4B-00C04F79EFBC}") = "HelloWorld", "HelloWorld\HelloWorld.csproj", "{194A643F-84E1-4D55-A2CF-FF43CB3C6E13}"
EndProject
Project("{FAE04EC0-301F-11D3-BF4B-00C04F79EFBC}") = "HelloWorld.Tests", "HelloWorld.Tests\HelloWorld.Tests.csproj", "{03F37205-6162-46E2-B6B3-A39CAC6C735B}"
EndProject
Project("{FAE04EC0-301F-11D3-BF4B-00C04F79EFBC}") = "HelloWorldFromConsoleApp", "HelloWorldFromConsoleApp\HelloWorldFromConsoleApp.csproj", "{D5C5DCE6-E783-4700-B17C-0269262B6323}"
EndProject
Global
	GlobalSection(SolutionConfigurationPlatforms) = preSolution
		Debug|Any CPU = Debug|Any CPU
		Release|Any CPU = Release|Any CPU
	EndGlobalSection
	GlobalSection(ProjectConfigurationPlatforms) = postSolution
		{194A643F-84E1-4D55-A2CF-FF43CB3C6E13}.Debug|Any CPU.ActiveCfg = Debug|Any CPU
		{194A643F-84E1-4D55-A2CF-FF43CB3C6E13}.Debug|Any CPU.Build.0 = Debug|Any CPU
		{194A643F-84E1-4D55-A2CF-FF43CB3C6E13}.Release|Any CPU.ActiveCfg = Release|Any CPU
		{194A643F-84E1-4D55-A2CF-FF43CB3C6E13}.Release|Any CPU.Build.0 = Release|Any CPU
		{03F37205-6162-46E2-B6B3-A39CAC6C735B}.Debug|Any CPU.ActiveCfg = Debug|Any CPU
		{03F37205-6162-46E2-B6B3-A39CAC6C735B}.Debug|Any CPU.Build.0 = Debug|Any CPU
		{03F37205-6162-46E2-B6B3-A39CAC6C735B}.Release|Any CPU.ActiveCfg = Release|Any CPU
		{03F37205-6162-46E2-B6B3-A39CAC6C735B}.Release|Any CPU.Build.0 = Release|Any CPU
		{D5C5DCE6-E783-4700-B17C-0269262B6323}.Debug|Any CPU.ActiveCfg = Debug|Any CPU
		{D5C5DCE6-E783-4700-B17C-0269262B6323}.Debug|Any CPU.Build.0 = Debug|Any CPU
		{D5C5DCE6-E783-4700-B17C-0269262B6323}.Release|Any CPU.ActiveCfg = Release|Any CPU
		{D5C5DCE6-E783-4700-B17C-0269262B6323}.Release|Any CPU.Build.0 = Release|Any CPU
	EndGlobalSection
	GlobalSection(SolutionProperties) = preSolution
		HideSolutionNode = FALSE
	EndGlobalSection
	GlobalSection(ExtensibilityGlobals) = postSolution
		SolutionGuid = {4DE15264-A290-4DCA-A516-86DA10C8B023}
	EndGlobalSection
EndGlobal
